
Microsoft Visual Studio Solution File, Format Version 12.00
# Visual Studio Version 17
VisualStudioVersion = 17.14.36414.22 d17.14
MinimumVisualStudioVersion = 10.0.40219.1
Project("{FAE04EC0-301F-11D3-BF4B-00C04F79EFBC}") = "ProductDetails", "ProductDetails\ProductDetails.csproj", "{C038F39B-CD9E-4965-8A72-760050A125D9}"
EndProject
Global
	GlobalSection(SolutionConfigurationPlatforms) = preSolution
		Debug|Any CPU = Debug|Any CPU
		Release|Any CPU = Release|Any CPU
	EndGlobalSection
	GlobalSection(ProjectConfigurationPlatforms) = postSolution
		{C038F39B-CD9E-4965-8A72-760050A125D9}.Debug|Any CPU.ActiveCfg = Debug|Any CPU
		{C038F39B-CD9E-4965-8A72-760050A125D9}.Debug|Any CPU.Build.0 = Debug|Any CPU
		{C038F39B-CD9E-4965-8A72-760050A125D9}.Release|Any CPU.ActiveCfg = Release|Any CPU
		{C038F39B-CD9E-4965-8A72-760050A125D9}.Release|Any CPU.Build.0 = Release|Any CPU
	EndGlobalSection
	GlobalSection(SolutionProperties) = preSolution
		HideSolutionNode = FALSE
	EndGlobalSection
	GlobalSection(ExtensibilityGlobals) = postSolution
		SolutionGuid = {F5B8FD9B-67AC-48F7-A79C-9EA0283A904E}
	EndGlobalSection
EndGlobal
